// !$*UTF8*$!
{
	archiveVersion = 1;
	classes = {
	};
	objectVersion = 50;
	objects = {

/* Begin PBXBuildFile section */
		579B963220B7448C0025494D /* AppDelegate.swift in Sources */ = {isa = PBXBuildFile; fileRef = 579B963120B7448C0025494D /* AppDelegate.swift */; };
		579B963720B7448C0025494D /* Main.storyboard in Resources */ = {isa = PBXBuildFile; fileRef = 579B963520B7448C0025494D /* Main.storyboard */; };
		579B963920B7448E0025494D /* Assets.xcassets in Resources */ = {isa = PBXBuildFile; fileRef = 579B963820B7448E0025494D /* Assets.xcassets */; };
		579B963C20B7448E0025494D /* LaunchScreen.storyboard in Resources */ = {isa = PBXBuildFile; fileRef = 579B963A20B7448E0025494D /* LaunchScreen.storyboard */; };
		579B964420B745940025494D /* DeckTableViewController.swift in Sources */ = {isa = PBXBuildFile; fileRef = 579B964320B745940025494D /* DeckTableViewController.swift */; };
		579B964620B747030025494D /* Controller.swift in Sources */ = {isa = PBXBuildFile; fileRef = 579B964520B747030025494D /* Controller.swift */; };
		FC00F37D20B754A900E8944F /* Manufacturing.swift in Sources */ = {isa = PBXBuildFile; fileRef = FC00F37C20B754A900E8944F /* Manufacturing.swift */; };
/* End PBXBuildFile section */

/* Begin PBXFileReference section */
		579B962E20B7448C0025494D /* Peneira.app */ = {isa = PBXFileReference; explicitFileType = wrapper.application; includeInIndex = 0; path = Peneira.app; sourceTree = BUILT_PRODUCTS_DIR; };
		579B963120B7448C0025494D /* AppDelegate.swift */ = {isa = PBXFileReference; lastKnownFileType = sourcecode.swift; path = AppDelegate.swift; sourceTree = "<group>"; };
		579B963620B7448C0025494D /* Base */ = {isa = PBXFileReference; lastKnownFileType = file.storyboard; name = Base; path = Base.lproj/Main.storyboard; sourceTree = "<group>"; };
		579B963820B7448E0025494D /* Assets.xcassets */ = {isa = PBXFileReference; lastKnownFileType = folder.assetcatalog; path = Assets.xcassets; sourceTree = "<group>"; };
		579B963B20B7448E0025494D /* Base */ = {isa = PBXFileReference; lastKnownFileType = file.storyboard; name = Base; path = Base.lproj/LaunchScreen.storyboard; sourceTree = "<group>"; };
		579B963D20B7448E0025494D /* Info.plist */ = {isa = PBXFileReference; lastKnownFileType = text.plist.xml; path = Info.plist; sourceTree = "<group>"; };
		579B964320B745940025494D /* DeckTableViewController.swift */ = {isa = PBXFileReference; lastKnownFileType = sourcecode.swift; path = DeckTableViewController.swift; sourceTree = "<group>"; };
		579B964520B747030025494D /* Controller.swift */ = {isa = PBXFileReference; lastKnownFileType = sourcecode.swift; path = Controller.swift; sourceTree = "<group>"; };
		FC00F37C20B754A900E8944F /* Manufacturing.swift */ = {isa = PBXFileReference; lastKnownFileType = sourcecode.swift; path = Manufacturing.swift; sourceTree = "<group>"; };
/* End PBXFileReference section */

/* Begin PBXFrameworksBuildPhase section */
		579B962B20B7448C0025494D /* Frameworks */ = {
			isa = PBXFrameworksBuildPhase;
			buildActionMask = 2147483647;
			files = (
			);
			runOnlyForDeploymentPostprocessing = 0;
		};
/* End PBXFrameworksBuildPhase section */

/* Begin PBXGroup section */
		579B962520B7448C0025494D = {
			isa = PBXGroup;
			children = (
				579B963020B7448C0025494D /* Peneira */,
				579B962F20B7448C0025494D /* Products */,
			);
			sourceTree = "<group>";
		};
		579B962F20B7448C0025494D /* Products */ = {
			isa = PBXGroup;
			children = (
				579B962E20B7448C0025494D /* Peneira.app */,
			);
			name = Products;
			sourceTree = "<group>";
		};
		579B963020B7448C0025494D /* Peneira */ = {
			isa = PBXGroup;
			children = (
				FC00F37B20B7548B00E8944F /* Model */,
				579B963120B7448C0025494D /* AppDelegate.swift */,
				579B963520B7448C0025494D /* Main.storyboard */,
				579B964320B745940025494D /* DeckTableViewController.swift */,
				579B964520B747030025494D /* Controller.swift */,
				579B963820B7448E0025494D /* Assets.xcassets */,
				579B963A20B7448E0025494D /* LaunchScreen.storyboard */,
				579B963D20B7448E0025494D /* Info.plist */,
			);
			path = Peneira;
			sourceTree = "<group>";
		};
		FC00F37B20B7548B00E8944F /* Model */ = {
			isa = PBXGroup;
			children = (
				FC00F37C20B754A900E8944F /* Manufacturing.swift */,
			);
			path = Model;
			sourceTree = "<group>";
		};
/* End PBXGroup section */

/* Begin PBXNativeTarget section */
		579B962D20B7448C0025494D /* Peneira */ = {
			isa = PBXNativeTarget;
			buildConfigurationList = 579B964020B7448E0025494D /* Build configuration list for PBXNativeTarget "Peneira" */;
			buildPhases = (
				579B962A20B7448C0025494D /* Sources */,
				579B962B20B7448C0025494D /* Frameworks */,
				579B962C20B7448C0025494D /* Resources */,
			);
			buildRules = (
			);
			dependencies = (
			);
			name = Peneira;
			productName = Peneira;
			productReference = 579B962E20B7448C0025494D /* Peneira.app */;
			productType = "com.apple.product-type.application";
		};
/* End PBXNativeTarget section */

/* Begin PBXProject section */
		579B962620B7448C0025494D /* Project object */ = {
			isa = PBXProject;
			attributes = {
				LastSwiftUpdateCheck = 0930;
				LastUpgradeCheck = 0930;
				ORGANIZATIONNAME = SAP;
				TargetAttributes = {
					579B962D20B7448C0025494D = {
						CreatedOnToolsVersion = 9.3;
					};
				};
			};
			buildConfigurationList = 579B962920B7448C0025494D /* Build configuration list for PBXProject "Peneira" */;
			compatibilityVersion = "Xcode 9.3";
			developmentRegion = en;
			hasScannedForEncodings = 0;
			knownRegions = (
				en,
				Base,
			);
			mainGroup = 579B962520B7448C0025494D;
			productRefGroup = 579B962F20B7448C0025494D /* Products */;
			projectDirPath = "";
			projectRoot = "";
			targets = (
				579B962D20B7448C0025494D /* Peneira */,
			);
		};
/* End PBXProject section */

/* Begin PBXResourcesBuildPhase section */
		579B962C20B7448C0025494D /* Resources */ = {
			isa = PBXResourcesBuildPhase;
			buildActionMask = 2147483647;
			files = (
				579B963C20B7448E0025494D /* LaunchScreen.storyboard in Resources */,
				579B963920B7448E0025494D /* Assets.xcassets in Resources */,
				579B963720B7448C0025494D /* Main.storyboard in Resources */,
			);
			runOnlyForDeploymentPostprocessing = 0;
		};
/* End PBXResourcesBuildPhase section */

/* Begin PBXSourcesBuildPhase section */
		579B962A20B7448C0025494D /* Sources */ = {
			isa = PBXSourcesBuildPhase;
			buildActionMask = 2147483647;
			files = (
				579B964420B745940025494D /* DeckTableViewController.swift in Sources */,
				579B963220B7448C0025494D /* AppDelegate.swift in Sources */,
				FC00F37D20B754A900E8944F /* Manufacturing.swift in Sources */,
				579B964620B747030025494D /* Controller.swift in Sources */,
			);
			runOnlyForDeploymentPostprocessing = 0;
		};
/* End PBXSourcesBuildPhase section */

/* Begin PBXVariantGroup section */
		579B963520B7448C0025494D /* Main.storyboard */ = {
			isa = PBXVariantGroup;
			children = (
				579B963620B7448C0025494D /* Base */,
			);
			name = Main.storyboard;
			sourceTree = "<group>";
		};
		579B963A20B7448E0025494D /* LaunchScreen.storyboard */ = {
			isa = PBXVariantGroup;
			children = (
				579B963B20B7448E0025494D /* Base */,
			);
			name = LaunchScreen.storyboard;
			sourceTree = "<group>";
		};
/* End PBXVariantGroup section */

/* Begin XCBuildConfiguration section */
		579B963E20B7448E0025494D /* Debug */ = {
			isa = XCBuildConfiguration;
			buildSettings = {
				ALWAYS_SEARCH_USER_PATHS = NO;
				CLANG_ANALYZER_NONNULL = YES;
				CLANG_ANALYZER_NUMBER_OBJECT_CONVERSION = YES_AGGRESSIVE;
				CLANG_CXX_LANGUAGE_STANDARD = "gnu++14";
				CLANG_CXX_LIBRARY = "libc++";
				CLANG_ENABLE_MODULES = YES;
				CLANG_ENABLE_OBJC_ARC = YES;
				CLANG_ENABLE_OBJC_WEAK = YES;
				CLANG_WARN_BLOCK_CAPTURE_AUTORELEASING = YES;
				CLANG_WARN_BOOL_CONVERSION = YES;
				CLANG_WARN_COMMA = YES;
				CLANG_WARN_CONSTANT_CONVERSION = YES;
				CLANG_WARN_DEPRECATED_OBJC_IMPLEMENTATIONS = YES;
				CLANG_WARN_DIRECT_OBJC_ISA_USAGE = YES_ERROR;
				CLANG_WARN_DOCUMENTATION_COMMENTS = YES;
				CLANG_WARN_EMPTY_BODY = YES;
				CLANG_WARN_ENUM_CONVERSION = YES;
				CLANG_WARN_INFINITE_RECURSION = YES;
				CLANG_WARN_INT_CONVERSION = YES;
				CLANG_WARN_NON_LITERAL_NULL_CONVERSION = YES;
				CLANG_WARN_OBJC_IMPLICIT_RETAIN_SELF = YES;
				CLANG_WARN_OBJC_LITERAL_CONVERSION = YES;
				CLANG_WARN_OBJC_ROOT_CLASS = YES_ERROR;
				CLANG_WARN_RANGE_LOOP_ANALYSIS = YES;
				CLANG_WARN_STRICT_PROTOTYPES = YES;
				CLANG_WARN_SUSPICIOUS_MOVE = YES;
				CLANG_WARN_UNGUARDED_AVAILABILITY = YES_AGGRESSIVE;
				CLANG_WARN_UNREACHABLE_CODE = YES;
				CLANG_WARN__DUPLICATE_METHOD_MATCH = YES;
				CODE_SIGN_IDENTITY = "iPhone Developer";
				COPY_PHASE_STRIP = NO;
				DEBUG_INFORMATION_FORMAT = dwarf;
				ENABLE_STRICT_OBJC_MSGSEND = YES;
				ENABLE_TESTABILITY = YES;
				GCC_C_LANGUAGE_STANDARD = gnu11;
				GCC_DYNAMIC_NO_PIC = NO;
				GCC_NO_COMMON_BLOCKS = YES;
				GCC_OPTIMIZATION_LEVEL = 0;
				GCC_PREPROCESSOR_DEFINITIONS = (
					"DEBUG=1",
					"$(inherited)",
				);
				GCC_WARN_64_TO_32_BIT_CONVERSION = YES;
				GCC_WARN_ABOUT_RETURN_TYPE = YES_ERROR;
				GCC_WARN_UNDECLARED_SELECTOR = YES;
				GCC_WARN_UNINITIALIZED_AUTOS = YES_AGGRESSIVE;
				GCC_WARN_UNUSED_FUNCTION = YES;
				GCC_WARN_UNUSED_VARIABLE = YES;
				IPHONEOS_DEPLOYMENT_TARGET = 11.3;
				MTL_ENABLE_DEBUG_INFO = YES;
				ONLY_ACTIVE_ARCH = YES;
				SDKROOT = iphoneos;
				SWIFT_ACTIVE_COMPILATION_CONDITIONS = DEBUG;
				SWIFT_OPTIMIZATION_LEVEL = "-Onone";
			};
			name = Debug;
		};
		579B963F20B7448E0025494D /* Release */ = {
			isa = XCBuildConfiguration;
			buildSettings = {
				ALWAYS_SEARCH_USER_PATHS = NO;
				CLANG_ANALYZER_NONNULL = YES;
				CLANG_ANALYZER_NUMBER_OBJECT_CONVERSION = YES_AGGRESSIVE;
				CLANG_CXX_LANGUAGE_STANDARD = "gnu++14";
				CLANG_CXX_LIBRARY = "libc++";
				CLANG_ENABLE_MODULES = YES;
				CLANG_ENABLE_OBJC_ARC = YES;
				CLANG_ENABLE_OBJC_WEAK = YES;
				CLANG_WARN_BLOCK_CAPTURE_AUTORELEASING = YES;
				CLANG_WARN_BOOL_CONVERSION = YES;
				CLANG_WARN_COMMA = YES;
				CLANG_WARN_CONSTANT_CONVERSION = YES;
				CLANG_WARN_DEPRECATED_OBJC_IMPLEMENTATIONS = YES;
				CLANG_WARN_DIRECT_OBJC_ISA_USAGE = YES_ERROR;
				CLANG_WARN_DOCUMENTATION_COMMENTS = YES;
				CLANG_WARN_EMPTY_BODY = YES;
				CLANG_WARN_ENUM_CONVERSION = YES;
				CLANG_WARN_INFINITE_RECURSION = YES;
				CLANG_WARN_INT_CONVERSION = YES;
				CLANG_WARN_NON_LITERAL_NULL_CONVERSION = YES;
				CLANG_WARN_OBJC_IMPLICIT_RETAIN_SELF = YES;
				CLANG_WARN_OBJC_LITERAL_CONVERSION = YES;
				CLANG_WARN_OBJC_ROOT_CLASS = YES_ERROR;
				CLANG_WARN_RANGE_LOOP_ANALYSIS = YES;
				CLANG_WARN_STRICT_PROTOTYPES = YES;
				CLANG_WARN_SUSPICIOUS_MOVE = YES;
				CLANG_WARN_UNGUARDED_AVAILABILITY = YES_AGGRESSIVE;
				CLANG_WARN_UNREACHABLE_CODE = YES;
				CLANG_WARN__DUPLICATE_METHOD_MATCH = YES;
				CODE_SIGN_IDENTITY = "iPhone Developer";
				COPY_PHASE_STRIP = NO;
				DEBUG_INFORMATION_FORMAT = "dwarf-with-dsym";
				ENABLE_NS_ASSERTIONS = NO;
				ENABLE_STRICT_OBJC_MSGSEND = YES;
				GCC_C_LANGUAGE_STANDARD = gnu11;
				GCC_NO_COMMON_BLOCKS = YES;
				GCC_WARN_64_TO_32_BIT_CONVERSION = YES;
				GCC_WARN_ABOUT_RETURN_TYPE = YES_ERROR;
				GCC_WARN_UNDECLARED_SELECTOR = YES;
				GCC_WARN_UNINITIALIZED_AUTOS = YES_AGGRESSIVE;
				GCC_WARN_UNUSED_FUNCTION = YES;
				GCC_WARN_UNUSED_VARIABLE = YES;
				IPHONEOS_DEPLOYMENT_TARGET = 11.3;
				MTL_ENABLE_DEBUG_INFO = NO;
				SDKROOT = iphoneos;
				SWIFT_COMPILATION_MODE = wholemodule;
				SWIFT_OPTIMIZATION_LEVEL = "-O";
				VALIDATE_PRODUCT = YES;
			};
			name = Release;
		};
		579B964120B7448E0025494D /* Debug */ = {
			isa = XCBuildConfiguration;
			buildSettings = {
				ASSETCATALOG_COMPILER_APPICON_NAME = AppIcon;
				CODE_SIGN_STYLE = Manual;
				DEVELOPMENT_TEAM = "";
				INFOPLIST_FILE = Peneira/Info.plist;
				LD_RUNPATH_SEARCH_PATHS = (
					"$(inherited)",
					"@executable_path/Frameworks",
				);
				PRODUCT_BUNDLE_IDENTIFIER = guilherme.caccaos.Peneira;
				PRODUCT_NAME = "$(TARGET_NAME)";
				PROVISIONING_PROFILE_SPECIFIER = "";
				SWIFT_VERSION = 4.0;
				TARGETED_DEVICE_FAMILY = "1,2";
			};
			name = Debug;
		};
		579B964220B7448E0025494D /* Release */ = {
			isa = XCBuildConfiguration;
			buildSettings = {
				ASSETCATALOG_COMPILER_APPICON_NAME = AppIcon;
				CODE_SIGN_STYLE = Manual;
				DEVELOPMENT_TEAM = "";
				INFOPLIST_FILE = Peneira/Info.plist;
				LD_RUNPATH_SEARCH_PATHS = (
					"$(inherited)",
					"@executable_path/Frameworks",
				);
				PRODUCT_BUNDLE_IDENTIFIER = guilherme.caccaos.Peneira;
				PRODUCT_NAME = "$(TARGET_NAME)";
				PROVISIONING_PROFILE_SPECIFIER = "";
				SWIFT_VERSION = 4.0;
				TARGETED_DEVICE_FAMILY = "1,2";
			};
			name = Release;
		};
/* End XCBuildConfiguration section */

/* Begin XCConfigurationList section */
		579B962920B7448C0025494D /* Build configuration list for PBXProject "Peneira" */ = {
			isa = XCConfigurationList;
			buildConfigurations = (
				579B963E20B7448E0025494D /* Debug */,
				579B963F20B7448E0025494D /* Release */,
			);
			defaultConfigurationIsVisible = 0;
			defaultConfigurationName = Release;
		};
		579B964020B7448E0025494D /* Build configuration list for PBXNativeTarget "Peneira" */ = {
			isa = XCConfigurationList;
			buildConfigurations = (
				579B964120B7448E0025494D /* Debug */,
				579B964220B7448E0025494D /* Release */,
			);
			defaultConfigurationIsVisible = 0;
			defaultConfigurationName = Release;
		};
/* End XCConfigurationList section */
	};
	rootObject = 579B962620B7448C0025494D /* Project object */;
}
